{
  "nodes": {
    "disko": {
      "inputs": {
        "nixpkgs": [
          "nixpkgs"
        ]
      },
      "locked": {
        "lastModified": 1768727946,
        "narHash": "sha256-le2GY+ZR6uRHMuOAc60sBR3gBD2BEk1qOZ3S5C/XFpU=",
        "owner": "nix-community",
        "repo": "disko",
        "rev": "558e84658d0eafc812497542ad6ca0d9654b3b0f",
        "type": "github"
      },
      "original": {
        "owner": "nix-community",
        "repo": "disko",
        "type": "github"
      }
    },
    "ec-su-axb35": {
      "flake": false,
      "locked": {
        "lastModified": 1758560764,
        "narHash": "sha256-GK0Ykcu80tYYKXTcFo0z8TVKcNcC6Gxp7dEjAHxPIaY=",
        "owner": "cmetz",
        "repo": "ec-su_axb35-linux",
        "rev": "8325346a62b9442c1db61959ae1971580b42f42a",
        "type": "github"
      },
      "original": {
        "owner": "cmetz",
        "repo": "ec-su_axb35-linux",
        "type": "github"
      }
    },
    "flake-utils": {
      "inputs": {
        "systems": "systems"
      },
      "locked": {
        "lastModified": 1731533236,
        "narHash": "sha256-l0KFg5HjrsfsO/JpG+r7fRrqm12kzFHyUHqHCVpMMbI=",
        "owner": "numtide",
        "repo": "flake-utils",
        "rev": "11707dc2f618dd54ca8739b309ec4fc024de578b",
        "type": "github"
      },
      "original": {
        "owner": "numtide",
        "repo": "flake-utils",
        "type": "github"
      }
    },
    "llama-cpp": {
      "flake": false,
      "locked": {
        "lastModified": 1768888524,
        "narHash": "sha256-j/Pjmj9xTIHK2n4FAnV/FMj7fTn+y2l7McJVmDJ19Og=",
        "owner": "ggerganov",
        "repo": "llama.cpp",
        "rev": "7dee9ff59ad507304bf43a2682dbe0a89bbc3dce",
        "type": "github"
      },
      "original": {
        "owner": "ggerganov",
        "repo": "llama.cpp",
        "type": "github"
      }
    },
    "nixpkgs": {
      "locked": {
        "lastModified": 1768564909,
        "narHash": "sha256-Kell/SpJYVkHWMvnhqJz/8DqQg2b6PguxVWOuadbHCc=",
        "owner": "NixOS",
        "repo": "nixpkgs",
        "rev": "e4bae1bd10c9c57b2cf517953ab70060a828ee6f",
        "type": "github"
      },
      "original": {
        "owner": "NixOS",
        "ref": "nixos-unstable",
        "repo": "nixpkgs",
        "type": "github"
      }
    },
    "rocwmma": {
      "flake": false,
      "locked": {
        "lastModified": 1761605963,
        "narHash": "sha256-FvWrewd7e+lKTKJTmYBHOzUbBDN9Vn1kTEmf4RR9m0E=",
        "owner": "ROCm",
        "repo": "rocWMMA",
        "rev": "1e3bed23f981d8ca0ce1b8634e6b91b5ccf91cfb",
        "type": "github"
      },
      "original": {
        "owner": "ROCm",
        "repo": "rocWMMA",
        "type": "github"
      }
    },
    "root": {
      "inputs": {
        "disko": "disko",
        "ec-su-axb35": "ec-su-axb35",
        "flake-utils": "flake-utils",
        "llama-cpp": "llama-cpp",
        "nixpkgs": "nixpkgs",
        "rocwmma": "rocwmma"
      }
    },
    "systems": {
      "locked": {
        "lastModified": 1681028828,
        "narHash": "sha256-Vy1rq5AaRuLzOxct8nz4T6wlgyUR7zLU309k9mBC768=",
        "owner": "nix-systems",
        "repo": "default",
        "rev": "da67096a3b9bf56a91d16901293e51ba5b49a27e",
        "type": "github"
      },
      "original": {
        "owner": "nix-systems",
        "repo": "default",
        "type": "github"
      }
    }
  },
  "root": "root",
  "version": 7
}
